
Microsoft Visual Studio Solution File, Format Version 12.00
# Visual Studio Version 17
VisualStudioVersion = 17.3.32929.385
MinimumVisualStudioVersion = 10.0.40219.1
Project("{FAE04EC0-301F-11D3-BF4B-00C04F79EFBC}") = "Task05_TrueView", "Task05_TrueView\Task05_TrueView.csproj", "{9E9DB5CF-7592-4F62-BB4F-ECF2C3B7A03F}"
EndProject
Global
	GlobalSection(SolutionConfigurationPlatforms) = preSolution
		Debug|Any CPU = Debug|Any CPU
		Release|Any CPU = Release|Any CPU
	EndGlobalSection
	GlobalSection(ProjectConfigurationPlatforms) = postSolution
		{9E9DB5CF-7592-4F62-BB4F-ECF2C3B7A03F}.Debug|Any CPU.ActiveCfg = Debug|Any CPU
		{9E9DB5CF-7592-4F62-BB4F-ECF2C3B7A03F}.Debug|Any CPU.Build.0 = Debug|Any CPU
		{9E9DB5CF-7592-4F62-BB4F-ECF2C3B7A03F}.Release|Any CPU.ActiveCfg = Release|Any CPU
		{9E9DB5CF-7592-4F62-BB4F-ECF2C3B7A03F}.Release|Any CPU.Build.0 = Release|Any CPU
	EndGlobalSection
	GlobalSection(SolutionProperties) = preSolution
		HideSolutionNode = FALSE
	EndGlobalSection
	GlobalSection(ExtensibilityGlobals) = postSolution
		SolutionGuid = {590040B0-F1BC-4E87-9F1A-04AA9281474A}
	EndGlobalSection
EndGlobal
